
Microsoft Visual Studio Solution File, Format Version 12.00
# Visual Studio Version 16
VisualStudioVersion = 16.0.31702.278
MinimumVisualStudioVersion = 10.0.40219.1
Project("{2150E333-8FDC-42A3-9474-1A3956D46DE8}") = "src", "src", "{4CB2070D-A5FA-439F-BBF6-D4B8FC2A7B99}"
EndProject
Project("{2150E333-8FDC-42A3-9474-1A3956D46DE8}") = "Building Blocks", "Building Blocks", "{27B6933C-ED8B-4FBC-B3D0-25B10AAE0AC9}"
EndProject
Project("{2150E333-8FDC-42A3-9474-1A3956D46DE8}") = "Services", "Services", "{69B24B11-0E4E-4195-86BF-1528640EC699}"
EndProject
Project("{2150E333-8FDC-42A3-9474-1A3956D46DE8}") = "Web", "Web", "{EDDCF861-D420-492C-A986-05044343579D}"
EndProject
Project("{2150E333-8FDC-42A3-9474-1A3956D46DE8}") = "Identidade", "Identidade", "{6C565939-A953-4C73-9011-05E41DE39859}"
EndProject
Project("{9A19103F-16F7-4668-BE54-9A1E7A4F7556}") = "NSE.Identidade.API", "src\services\NSE.Identidade.API\NSE.Identidade.API.csproj", "{C28FD9A0-A0C0-4180-9877-3291BF0A2B77}"
EndProject
Project("{2150E333-8FDC-42A3-9474-1A3956D46DE8}") = "MVC", "MVC", "{1280F2DF-4622-49DF-B9D7-916939441502}"
EndProject
Project("{9A19103F-16F7-4668-BE54-9A1E7A4F7556}") = "NSE.WebApp.MVC", "src\web\NSE.WebApp.MVC\NSE.WebApp.MVC.csproj", "{2FB60872-85E6-44D1-8DA5-C1AAE2E2F069}"
EndProject
Project("{2150E333-8FDC-42A3-9474-1A3956D46DE8}") = "Core", "Core", "{F9B603C6-398F-4D62-8199-2B889548FAC8}"
EndProject
Project("{9A19103F-16F7-4668-BE54-9A1E7A4F7556}") = "NSE.Core", "src\building blocks\NSE.Core\NSE.Core.csproj", "{77CFA5BE-6B0A-4927-984C-FDF524B62B68}"
EndProject
Project("{2150E333-8FDC-42A3-9474-1A3956D46DE8}") = "Carrinho", "Carrinho", "{42DF8240-901E-4226-905E-5F037E87560F}"
EndProject
Project("{2150E333-8FDC-42A3-9474-1A3956D46DE8}") = "Catalogo", "Catalogo", "{83FCC321-8750-4AFE-BF4B-E68A536FC2B3}"
EndProject
Project("{2150E333-8FDC-42A3-9474-1A3956D46DE8}") = "Cliente", "Cliente", "{69DA1CEC-D977-4AB6-815F-61966FA52F1F}"
EndProject
Project("{2150E333-8FDC-42A3-9474-1A3956D46DE8}") = "Pagamento", "Pagamento", "{6D494E83-4C50-44FF-B47B-F5115A6612EF}"
EndProject
Project("{2150E333-8FDC-42A3-9474-1A3956D46DE8}") = "Pedido", "Pedido", "{C9DA0E13-3EFC-42E6-A620-A349E3DB6156}"
EndProject
Project("{9A19103F-16F7-4668-BE54-9A1E7A4F7556}") = "NSE.Carrinho.API", "src\services\NSE.Carrinho.API\NSE.Carrinho.API.csproj", "{2E812AE4-F810-4B36-92FA-E961BB18D41D}"
EndProject
Project("{9A19103F-16F7-4668-BE54-9A1E7A4F7556}") = "NSE.Catalogo.API", "src\services\NSE.Catalogo.API\NSE.Catalogo.API.csproj", "{15FC3C9C-A875-4BDC-9443-BCB803AC7353}"
EndProject
Project("{9A19103F-16F7-4668-BE54-9A1E7A4F7556}") = "NSE.Cliente.API", "src\services\NSE.Cliente.API\NSE.Cliente.API.csproj", "{48D667E3-D7A6-4818-9D82-9339FDC6BE80}"
EndProject
Project("{9A19103F-16F7-4668-BE54-9A1E7A4F7556}") = "NSE.Pagamento.API", "src\services\NSE.Pagamento.API\NSE.Pagamento.API.csproj", "{E5C76F07-AEE9-4679-BBD0-DE466A24A70E}"
EndProject
Project("{9A19103F-16F7-4668-BE54-9A1E7A4F7556}") = "NSE.Pedido.API", "src\services\NSE.Pedido.API\NSE.Pedido.API.csproj", "{D6D5DBD0-3986-4071-B239-2B325E10687C}"
EndProject
Project("{2150E333-8FDC-42A3-9474-1A3956D46DE8}") = "Services", "Services", "{BF2F41BB-33FC-4879-A2AC-70558C8F81E3}"
EndProject
Project("{FAE04EC0-301F-11D3-BF4B-00C04F79EFBC}") = "NSE.WebAPI.Core", "src\building blocks\NSE.WebAPI.Core\NSE.WebAPI.Core.csproj", "{397C457C-0CC1-4E91-B39C-981B604F3594}"
EndProject
Global
	GlobalSection(SolutionConfigurationPlatforms) = preSolution
		Debug|Any CPU = Debug|Any CPU
		Release|Any CPU = Release|Any CPU
	EndGlobalSection
	GlobalSection(ProjectConfigurationPlatforms) = postSolution
		{C28FD9A0-A0C0-4180-9877-3291BF0A2B77}.Debug|Any CPU.ActiveCfg = Debug|Any CPU
		{C28FD9A0-A0C0-4180-9877-3291BF0A2B77}.Debug|Any CPU.Build.0 = Debug|Any CPU
		{C28FD9A0-A0C0-4180-9877-3291BF0A2B77}.Release|Any CPU.ActiveCfg = Release|Any CPU
		{C28FD9A0-A0C0-4180-9877-3291BF0A2B77}.Release|Any CPU.Build.0 = Release|Any CPU
		{2FB60872-85E6-44D1-8DA5-C1AAE2E2F069}.Debug|Any CPU.ActiveCfg = Debug|Any CPU
		{2FB60872-85E6-44D1-8DA5-C1AAE2E2F069}.Debug|Any CPU.Build.0 = Debug|Any CPU
		{2FB60872-85E6-44D1-8DA5-C1AAE2E2F069}.Release|Any CPU.ActiveCfg = Release|Any CPU
		{2FB60872-85E6-44D1-8DA5-C1AAE2E2F069}.Release|Any CPU.Build.0 = Release|Any CPU
		{77CFA5BE-6B0A-4927-984C-FDF524B62B68}.Debug|Any CPU.ActiveCfg = Debug|Any CPU
		{77CFA5BE-6B0A-4927-984C-FDF524B62B68}.Debug|Any CPU.Build.0 = Debug|Any CPU
		{77CFA5BE-6B0A-4927-984C-FDF524B62B68}.Release|Any CPU.ActiveCfg = Release|Any CPU
		{77CFA5BE-6B0A-4927-984C-FDF524B62B68}.Release|Any CPU.Build.0 = Release|Any CPU
		{2E812AE4-F810-4B36-92FA-E961BB18D41D}.Debug|Any CPU.ActiveCfg = Debug|Any CPU
		{2E812AE4-F810-4B36-92FA-E961BB18D41D}.Debug|Any CPU.Build.0 = Debug|Any CPU
		{2E812AE4-F810-4B36-92FA-E961BB18D41D}.Release|Any CPU.ActiveCfg = Release|Any CPU
		{2E812AE4-F810-4B36-92FA-E961BB18D41D}.Release|Any CPU.Build.0 = Release|Any CPU
		{15FC3C9C-A875-4BDC-9443-BCB803AC7353}.Debug|Any CPU.ActiveCfg = Debug|Any CPU
		{15FC3C9C-A875-4BDC-9443-BCB803AC7353}.Debug|Any CPU.Build.0 = Debug|Any CPU
		{15FC3C9C-A875-4BDC-9443-BCB803AC7353}.Release|Any CPU.ActiveCfg = Release|Any CPU
		{15FC3C9C-A875-4BDC-9443-BCB803AC7353}.Release|Any CPU.Build.0 = Release|Any CPU
		{48D667E3-D7A6-4818-9D82-9339FDC6BE80}.Debug|Any CPU.ActiveCfg = Debug|Any CPU
		{48D667E3-D7A6-4818-9D82-9339FDC6BE80}.Debug|Any CPU.Build.0 = Debug|Any CPU
		{48D667E3-D7A6-4818-9D82-9339FDC6BE80}.Release|Any CPU.ActiveCfg = Release|Any CPU
		{48D667E3-D7A6-4818-9D82-9339FDC6BE80}.Release|Any CPU.Build.0 = Release|Any CPU
		{E5C76F07-AEE9-4679-BBD0-DE466A24A70E}.Debug|Any CPU.ActiveCfg = Debug|Any CPU
		{E5C76F07-AEE9-4679-BBD0-DE466A24A70E}.Debug|Any CPU.Build.0 = Debug|Any CPU
		{E5C76F07-AEE9-4679-BBD0-DE466A24A70E}.Release|Any CPU.ActiveCfg = Release|Any CPU
		{E5C76F07-AEE9-4679-BBD0-DE466A24A70E}.Release|Any CPU.Build.0 = Release|Any CPU
		{D6D5DBD0-3986-4071-B239-2B325E10687C}.Debug|Any CPU.ActiveCfg = Debug|Any CPU
		{D6D5DBD0-3986-4071-B239-2B325E10687C}.Debug|Any CPU.Build.0 = Debug|Any CPU
		{D6D5DBD0-3986-4071-B239-2B325E10687C}.Release|Any CPU.ActiveCfg = Release|Any CPU
		{D6D5DBD0-3986-4071-B239-2B325E10687C}.Release|Any CPU.Build.0 = Release|Any CPU
		{397C457C-0CC1-4E91-B39C-981B604F3594}.Debug|Any CPU.ActiveCfg = Debug|Any CPU
		{397C457C-0CC1-4E91-B39C-981B604F3594}.Debug|Any CPU.Build.0 = Debug|Any CPU
		{397C457C-0CC1-4E91-B39C-981B604F3594}.Release|Any CPU.ActiveCfg = Release|Any CPU
		{397C457C-0CC1-4E91-B39C-981B604F3594}.Release|Any CPU.Build.0 = Release|Any CPU
	EndGlobalSection
	GlobalSection(SolutionProperties) = preSolution
		HideSolutionNode = FALSE
	EndGlobalSection
	GlobalSection(NestedProjects) = preSolution
		{27B6933C-ED8B-4FBC-B3D0-25B10AAE0AC9} = {4CB2070D-A5FA-439F-BBF6-D4B8FC2A7B99}
		{69B24B11-0E4E-4195-86BF-1528640EC699} = {4CB2070D-A5FA-439F-BBF6-D4B8FC2A7B99}
		{EDDCF861-D420-492C-A986-05044343579D} = {4CB2070D-A5FA-439F-BBF6-D4B8FC2A7B99}
		{6C565939-A953-4C73-9011-05E41DE39859} = {69B24B11-0E4E-4195-86BF-1528640EC699}
		{C28FD9A0-A0C0-4180-9877-3291BF0A2B77} = {6C565939-A953-4C73-9011-05E41DE39859}
		{1280F2DF-4622-49DF-B9D7-916939441502} = {EDDCF861-D420-492C-A986-05044343579D}
		{2FB60872-85E6-44D1-8DA5-C1AAE2E2F069} = {1280F2DF-4622-49DF-B9D7-916939441502}
		{F9B603C6-398F-4D62-8199-2B889548FAC8} = {27B6933C-ED8B-4FBC-B3D0-25B10AAE0AC9}
		{77CFA5BE-6B0A-4927-984C-FDF524B62B68} = {F9B603C6-398F-4D62-8199-2B889548FAC8}
		{42DF8240-901E-4226-905E-5F037E87560F} = {69B24B11-0E4E-4195-86BF-1528640EC699}
		{83FCC321-8750-4AFE-BF4B-E68A536FC2B3} = {69B24B11-0E4E-4195-86BF-1528640EC699}
		{69DA1CEC-D977-4AB6-815F-61966FA52F1F} = {69B24B11-0E4E-4195-86BF-1528640EC699}
		{6D494E83-4C50-44FF-B47B-F5115A6612EF} = {69B24B11-0E4E-4195-86BF-1528640EC699}
		{C9DA0E13-3EFC-42E6-A620-A349E3DB6156} = {69B24B11-0E4E-4195-86BF-1528640EC699}
		{2E812AE4-F810-4B36-92FA-E961BB18D41D} = {42DF8240-901E-4226-905E-5F037E87560F}
		{15FC3C9C-A875-4BDC-9443-BCB803AC7353} = {83FCC321-8750-4AFE-BF4B-E68A536FC2B3}
		{48D667E3-D7A6-4818-9D82-9339FDC6BE80} = {69DA1CEC-D977-4AB6-815F-61966FA52F1F}
		{E5C76F07-AEE9-4679-BBD0-DE466A24A70E} = {6D494E83-4C50-44FF-B47B-F5115A6612EF}
		{D6D5DBD0-3986-4071-B239-2B325E10687C} = {C9DA0E13-3EFC-42E6-A620-A349E3DB6156}
		{BF2F41BB-33FC-4879-A2AC-70558C8F81E3} = {27B6933C-ED8B-4FBC-B3D0-25B10AAE0AC9}
		{397C457C-0CC1-4E91-B39C-981B604F3594} = {BF2F41BB-33FC-4879-A2AC-70558C8F81E3}
	EndGlobalSection
	GlobalSection(ExtensibilityGlobals) = postSolution
		SolutionGuid = {E95BB797-71CF-45E0-B29C-523242485D13}
	EndGlobalSection
EndGlobal
